
Microsoft Visual Studio Solution File, Format Version 12.00
Project("{FAE04EC0-301F-11D3-BF4B-00C04F79EFBC}") = "QuantifeedUserAPI", "QuantifeedUserAPI\QuantifeedUserAPI.csproj", "{42FBBA8E-60D9-49DE-854B-573CE8CA3058}"
EndProject
Project("{FAE04EC0-301F-11D3-BF4B-00C04F79EFBC}") = "QuantifeedUserAPI.Tests", "QuantifeedUserAPI.Tests\QuantifeedUserAPI.Tests.csproj", "{A0BA20CD-CF63-4EDD-8E6A-AC824352DD6A}"
EndProject
Global
	GlobalSection(SolutionConfigurationPlatforms) = preSolution
		Debug|Any CPU = Debug|Any CPU
		Release|Any CPU = Release|Any CPU
	EndGlobalSection
	GlobalSection(ProjectConfigurationPlatforms) = postSolution
		{42FBBA8E-60D9-49DE-854B-573CE8CA3058}.Debug|Any CPU.ActiveCfg = Debug|Any CPU
		{42FBBA8E-60D9-49DE-854B-573CE8CA3058}.Debug|Any CPU.Build.0 = Debug|Any CPU
		{42FBBA8E-60D9-49DE-854B-573CE8CA3058}.Release|Any CPU.ActiveCfg = Release|Any CPU
		{42FBBA8E-60D9-49DE-854B-573CE8CA3058}.Release|Any CPU.Build.0 = Release|Any CPU
		{A0BA20CD-CF63-4EDD-8E6A-AC824352DD6A}.Debug|Any CPU.ActiveCfg = Debug|Any CPU
		{A0BA20CD-CF63-4EDD-8E6A-AC824352DD6A}.Debug|Any CPU.Build.0 = Debug|Any CPU
		{A0BA20CD-CF63-4EDD-8E6A-AC824352DD6A}.Release|Any CPU.ActiveCfg = Release|Any CPU
		{A0BA20CD-CF63-4EDD-8E6A-AC824352DD6A}.Release|Any CPU.Build.0 = Release|Any CPU
	EndGlobalSection
EndGlobal
